
Microsoft Visual Studio Solution File, Format Version 12.00
# Visual Studio Version 17
VisualStudioVersion = 17.4.32916.344
MinimumVisualStudioVersion = 10.0.40219.1
Project("{9A19103F-16F7-4668-BE54-9A1E7A4F7556}") = "RendererTemplate", "RendererTemplate\RendererTemplate.csproj", "{A7B4364D-6CD5-4593-8730-B5F1FAC8A718}"
EndProject
Global
	GlobalSection(SolutionConfigurationPlatforms) = preSolution
		Debug|Any CPU = Debug|Any CPU
		Release|Any CPU = Release|Any CPU
	EndGlobalSection
	GlobalSection(ProjectConfigurationPlatforms) = postSolution
		{A7B4364D-6CD5-4593-8730-B5F1FAC8A718}.Debug|Any CPU.ActiveCfg = Debug|Any CPU
		{A7B4364D-6CD5-4593-8730-B5F1FAC8A718}.Debug|Any CPU.Build.0 = Debug|Any CPU
		{A7B4364D-6CD5-4593-8730-B5F1FAC8A718}.Release|Any CPU.ActiveCfg = Release|Any CPU
		{A7B4364D-6CD5-4593-8730-B5F1FAC8A718}.Release|Any CPU.Build.0 = Release|Any CPU
	EndGlobalSection
	GlobalSection(SolutionProperties) = preSolution
		HideSolutionNode = FALSE
	EndGlobalSection
	GlobalSection(ExtensibilityGlobals) = postSolution
		SolutionGuid = {4A05F304-5488-4754-B442-77A513DCDE30}
	EndGlobalSection
EndGlobal
